// !$*UTF8*$!
{
	archiveVersion = 1;
	classes = {
	};
	objectVersion = 77;
	objects = {

/* Begin PBXBuildFile section */
		7515A2B32E4060AB00DE4DF2 /* .swiftlint.yml in Resources */ = {isa = PBXBuildFile; fileRef = 7515A2B22E4060A200DE4DF2 /* .swiftlint.yml */; };
		75FF030C2E4A92350088206C /* Alamofire in Frameworks */ = {isa = PBXBuildFile; productRef = 75FF030B2E4A92350088206C /* Alamofire */; };
/* End PBXBuildFile section */

/* Begin PBXContainerItemProxy section */
		75159DA82E40480B00DE4DF2 /* PBXContainerItemProxy */ = {
			isa = PBXContainerItemProxy;
			containerPortal = 75159D902E40480A00DE4DF2 /* Project object */;
			proxyType = 1;
			remoteGlobalIDString = 75159D972E40480A00DE4DF2;
			remoteInfo = com.kidemma;
		};
		75159DB22E40480B00DE4DF2 /* PBXContainerItemProxy */ = {
			isa = PBXContainerItemProxy;
			containerPortal = 75159D902E40480A00DE4DF2 /* Project object */;
			proxyType = 1;
			remoteGlobalIDString = 75159D972E40480A00DE4DF2;
			remoteInfo = com.kidemma;
		};
/* End PBXContainerItemProxy section */

/* Begin PBXFileReference section */
		75159D982E40480A00DE4DF2 /* com.kidemma.app */ = {isa = PBXFileReference; explicitFileType = wrapper.application; includeInIndex = 0; path = com.kidemma.app; sourceTree = BUILT_PRODUCTS_DIR; };
		75159DA72E40480B00DE4DF2 /* com.kidemmaTests.xctest */ = {isa = PBXFileReference; explicitFileType = wrapper.cfbundle; includeInIndex = 0; path = com.kidemmaTests.xctest; sourceTree = BUILT_PRODUCTS_DIR; };
		75159DB12E40480B00DE4DF2 /* com.kidemmaUITests.xctest */ = {isa = PBXFileReference; explicitFileType = wrapper.cfbundle; includeInIndex = 0; path = com.kidemmaUITests.xctest; sourceTree = BUILT_PRODUCTS_DIR; };
		7515A2B22E4060A200DE4DF2 /* .swiftlint.yml */ = {isa = PBXFileReference; lastKnownFileType = text.yaml; path = .swiftlint.yml; sourceTree = "<group>"; };
/* End PBXFileReference section */

/* Begin PBXFileSystemSynchronizedRootGroup section */
		75159D9A2E40480A00DE4DF2 /* com.kidemma */ = {
			isa = PBXFileSystemSynchronizedRootGroup;
			path = com.kidemma;
			sourceTree = "<group>";
		};
		75159DAA2E40480B00DE4DF2 /* com.kidemmaTests */ = {
			isa = PBXFileSystemSynchronizedRootGroup;
			path = com.kidemmaTests;
			sourceTree = "<group>";
		};
		75159DB42E40480B00DE4DF2 /* com.kidemmaUITests */ = {
			isa = PBXFileSystemSynchronizedRootGroup;
			path = com.kidemmaUITests;
			sourceTree = "<group>";
		};
/* End PBXFileSystemSynchronizedRootGroup section */

/* Begin PBXFrameworksBuildPhase section */
		75159D952E40480A00DE4DF2 /* Frameworks */ = {
			isa = PBXFrameworksBuildPhase;
			buildActionMask = 2147483647;
			files = (
				75FF030C2E4A92350088206C /* Alamofire in Frameworks */,
			);
			runOnlyForDeploymentPostprocessing = 0;
		};
		75159DA42E40480B00DE4DF2 /* Frameworks */ = {
			isa = PBXFrameworksBuildPhase;
			buildActionMask = 2147483647;
			files = (
			);
			runOnlyForDeploymentPostprocessing = 0;
		};
		75159DAE2E40480B00DE4DF2 /* Frameworks */ = {
			isa = PBXFrameworksBuildPhase;
			buildActionMask = 2147483647;
			files = (
			);
			runOnlyForDeploymentPostprocessing = 0;
		};
/* End PBXFrameworksBuildPhase section */

/* Begin PBXGroup section */
		75159D8F2E40480A00DE4DF2 = {
			isa = PBXGroup;
			children = (
				7515A2B22E4060A200DE4DF2 /* .swiftlint.yml */,
				75159D9A2E40480A00DE4DF2 /* com.kidemma */,
				75159DAA2E40480B00DE4DF2 /* com.kidemmaTests */,
				75159DB42E40480B00DE4DF2 /* com.kidemmaUITests */,
				75159D992E40480A00DE4DF2 /* Products */,
				7515A04B2E405EBF00DE4DF2 /* Frameworks */,
			);
			sourceTree = "<group>";
		};
		75159D992E40480A00DE4DF2 /* Products */ = {
			isa = PBXGroup;
			children = (
				75159D982E40480A00DE4DF2 /* com.kidemma.app */,
				75159DA72E40480B00DE4DF2 /* com.kidemmaTests.xctest */,
				75159DB12E40480B00DE4DF2 /* com.kidemmaUITests.xctest */,
			);
			name = Products;
			sourceTree = "<group>";
		};
		7515A04B2E405EBF00DE4DF2 /* Frameworks */ = {
			isa = PBXGroup;
			children = (
			);
			name = Frameworks;
			sourceTree = "<group>";
		};
/* End PBXGroup section */

/* Begin PBXNativeTarget section */
		75159D972E40480A00DE4DF2 /* com.kidemma */ = {
			isa = PBXNativeTarget;
			buildConfigurationList = 75159DBB2E40480B00DE4DF2 /* Build configuration list for PBXNativeTarget "com.kidemma" */;
			buildPhases = (
				75159D942E40480A00DE4DF2 /* Sources */,
				75159D952E40480A00DE4DF2 /* Frameworks */,
				75159D962E40480A00DE4DF2 /* Resources */,
				7515A2B42E40611C00DE4DF2 /* ShellScript */,
			);
			buildRules = (
			);
			dependencies = (
			);
			fileSystemSynchronizedGroups = (
				75159D9A2E40480A00DE4DF2 /* com.kidemma */,
			);
			name = com.kidemma;
			packageProductDependencies = (
				75FF030B2E4A92350088206C /* Alamofire */,
			);
			productName = com.kidemma;
			productReference = 75159D982E40480A00DE4DF2 /* com.kidemma.app */;
			productType = "com.apple.product-type.application";
		};
		75159DA62E40480B00DE4DF2 /* com.kidemmaTests */ = {
			isa = PBXNativeTarget;
			buildConfigurationList = 75159DBE2E40480B00DE4DF2 /* Build configuration list for PBXNativeTarget "com.kidemmaTests" */;
			buildPhases = (
				75159DA32E40480B00DE4DF2 /* Sources */,
				75159DA42E40480B00DE4DF2 /* Frameworks */,
				75159DA52E40480B00DE4DF2 /* Resources */,
			);
			buildRules = (
			);
			dependencies = (
				75159DA92E40480B00DE4DF2 /* PBXTargetDependency */,
			);
			fileSystemSynchronizedGroups = (
				75159DAA2E40480B00DE4DF2 /* com.kidemmaTests */,
			);
			name = com.kidemmaTests;
			packageProductDependencies = (
			);
			productName = com.kidemmaTests;
			productReference = 75159DA72E40480B00DE4DF2 /* com.kidemmaTests.xctest */;
			productType = "com.apple.product-type.bundle.unit-test";
		};
		75159DB02E40480B00DE4DF2 /* com.kidemmaUITests */ = {
			isa = PBXNativeTarget;
			buildConfigurationList = 75159DC12E40480B00DE4DF2 /* Build configuration list for PBXNativeTarget "com.kidemmaUITests" */;
			buildPhases = (
				75159DAD2E40480B00DE4DF2 /* Sources */,
				75159DAE2E40480B00DE4DF2 /* Frameworks */,
				75159DAF2E40480B00DE4DF2 /* Resources */,
			);
			buildRules = (
			);
			dependencies = (
				75159DB32E40480B00DE4DF2 /* PBXTargetDependency */,
			);
			fileSystemSynchronizedGroups = (
				75159DB42E40480B00DE4DF2 /* com.kidemmaUITests */,
			);
			name = com.kidemmaUITests;
			packageProductDependencies = (
			);
			productName = com.kidemmaUITests;
			productReference = 75159DB12E40480B00DE4DF2 /* com.kidemmaUITests.xctest */;
			productType = "com.apple.product-type.bundle.ui-testing";
		};
/* End PBXNativeTarget section */

/* Begin PBXProject section */
		75159D902E40480A00DE4DF2 /* Project object */ = {
			isa = PBXProject;
			attributes = {
				BuildIndependentTargetsInParallel = 1;
				LastSwiftUpdateCheck = 1640;
				LastUpgradeCheck = 1640;
				TargetAttributes = {
					75159D972E40480A00DE4DF2 = {
						CreatedOnToolsVersion = 16.4;
					};
					75159DA62E40480B00DE4DF2 = {
						CreatedOnToolsVersion = 16.4;
						TestTargetID = 75159D972E40480A00DE4DF2;
					};
					75159DB02E40480B00DE4DF2 = {
						CreatedOnToolsVersion = 16.4;
						TestTargetID = 75159D972E40480A00DE4DF2;
					};
				};
			};
			buildConfigurationList = 75159D932E40480A00DE4DF2 /* Build configuration list for PBXProject "com.kidemma" */;
			developmentRegion = en;
			hasScannedForEncodings = 0;
			knownRegions = (
				en,
				Base,
			);
			mainGroup = 75159D8F2E40480A00DE4DF2;
			minimizedProjectReferenceProxies = 1;
			packageReferences = (
				75FF030A2E4A92350088206C /* XCRemoteSwiftPackageReference "Alamofire" */,
			);
			preferredProjectObjectVersion = 77;
			productRefGroup = 75159D992E40480A00DE4DF2 /* Products */;
			projectDirPath = "";
			projectRoot = "";
			targets = (
				75159D972E40480A00DE4DF2 /* com.kidemma */,
				75159DA62E40480B00DE4DF2 /* com.kidemmaTests */,
				75159DB02E40480B00DE4DF2 /* com.kidemmaUITests */,
			);
		};
/* End PBXProject section */

/* Begin PBXResourcesBuildPhase section */
		75159D962E40480A00DE4DF2 /* Resources */ = {
			isa = PBXResourcesBuildPhase;
			buildActionMask = 2147483647;
			files = (
				7515A2B32E4060AB00DE4DF2 /* .swiftlint.yml in Resources */,
			);
			runOnlyForDeploymentPostprocessing = 0;
		};
		75159DA52E40480B00DE4DF2 /* Resources */ = {
			isa = PBXResourcesBuildPhase;
			buildActionMask = 2147483647;
			files = (
			);
			runOnlyForDeploymentPostprocessing = 0;
		};
		75159DAF2E40480B00DE4DF2 /* Resources */ = {
			isa = PBXResourcesBuildPhase;
			buildActionMask = 2147483647;
			files = (
			);
			runOnlyForDeploymentPostprocessing = 0;
		};
/* End PBXResourcesBuildPhase section */

/* Begin PBXShellScriptBuildPhase section */
		7515A2B42E40611C00DE4DF2 /* ShellScript */ = {
			isa = PBXShellScriptBuildPhase;
			buildActionMask = 2147483647;
			files = (
			);
			inputFileListPaths = (
			);
			inputPaths = (
			);
			outputFileListPaths = (
			);
			outputPaths = (
			);
			runOnlyForDeploymentPostprocessing = 0;
			shellPath = /bin/sh;
			shellScript = "if [[ \"$(uname -m)\" == \"arm64\" ]]\nthen\n    export PATH=\"/opt/homebrew/bin:$PATH\"\nfi\n\nif command -v swiftlint >/dev/null 2>&1\nthen\n    swiftlint\nelse\n    echo \"warning: 'swiftlint' command not found - See https://github.com/realm/SwiftLint#installation for installation instructions.\"\nfi\n";
		};
/* End PBXShellScriptBuildPhase section */

/* Begin PBXSourcesBuildPhase section */
		75159D942E40480A00DE4DF2 /* Sources */ = {
			isa = PBXSourcesBuildPhase;
			buildActionMask = 2147483647;
			files = (
			);
			runOnlyForDeploymentPostprocessing = 0;
		};
		75159DA32E40480B00DE4DF2 /* Sources */ = {
			isa = PBXSourcesBuildPhase;
			buildActionMask = 2147483647;
			files = (
			);
			runOnlyForDeploymentPostprocessing = 0;
		};
		75159DAD2E40480B00DE4DF2 /* Sources */ = {
			isa = PBXSourcesBuildPhase;
			buildActionMask = 2147483647;
			files = (
			);
			runOnlyForDeploymentPostprocessing = 0;
		};
/* End PBXSourcesBuildPhase section */

/* Begin PBXTargetDependency section */
		75159DA92E40480B00DE4DF2 /* PBXTargetDependency */ = {
			isa = PBXTargetDependency;
			target = 75159D972E40480A00DE4DF2 /* com.kidemma */;
			targetProxy = 75159DA82E40480B00DE4DF2 /* PBXContainerItemProxy */;
		};
		75159DB32E40480B00DE4DF2 /* PBXTargetDependency */ = {
			isa = PBXTargetDependency;
			target = 75159D972E40480A00DE4DF2 /* com.kidemma */;
			targetProxy = 75159DB22E40480B00DE4DF2 /* PBXContainerItemProxy */;
		};
/* End PBXTargetDependency section */

/* Begin XCBuildConfiguration section */
		75159DB92E40480B00DE4DF2 /* Debug */ = {
			isa = XCBuildConfiguration;
			buildSettings = {
				ALWAYS_SEARCH_USER_PATHS = NO;
				ASSETCATALOG_COMPILER_GENERATE_SWIFT_ASSET_SYMBOL_EXTENSIONS = YES;
				CLANG_ANALYZER_NONNULL = YES;
				CLANG_ANALYZER_NUMBER_OBJECT_CONVERSION = YES_AGGRESSIVE;
				CLANG_CXX_LANGUAGE_STANDARD = "gnu++20";
				CLANG_ENABLE_MODULES = YES;
				CLANG_ENABLE_OBJC_ARC = YES;
				CLANG_ENABLE_OBJC_WEAK = YES;
				CLANG_WARN_BLOCK_CAPTURE_AUTORELEASING = YES;
				CLANG_WARN_BOOL_CONVERSION = YES;
				CLANG_WARN_COMMA = YES;
				CLANG_WARN_CONSTANT_CONVERSION = YES;
				CLANG_WARN_DEPRECATED_OBJC_IMPLEMENTATIONS = YES;
				CLANG_WARN_DIRECT_OBJC_ISA_USAGE = YES_ERROR;
				CLANG_WARN_DOCUMENTATION_COMMENTS = YES;
				CLANG_WARN_EMPTY_BODY = YES;
				CLANG_WARN_ENUM_CONVERSION = YES;
				CLANG_WARN_INFINITE_RECURSION = YES;
				CLANG_WARN_INT_CONVERSION = YES;
				CLANG_WARN_NON_LITERAL_NULL_CONVERSION = YES;
				CLANG_WARN_OBJC_IMPLICIT_RETAIN_SELF = YES;
				CLANG_WARN_OBJC_LITERAL_CONVERSION = YES;
				CLANG_WARN_OBJC_ROOT_CLASS = YES_ERROR;
				CLANG_WARN_QUOTED_INCLUDE_IN_FRAMEWORK_HEADER = YES;
				CLANG_WARN_RANGE_LOOP_ANALYSIS = YES;
				CLANG_WARN_STRICT_PROTOTYPES = YES;
				CLANG_WARN_SUSPICIOUS_MOVE = YES;
				CLANG_WARN_UNGUARDED_AVAILABILITY = YES_AGGRESSIVE;
				CLANG_WARN_UNREACHABLE_CODE = YES;
				CLANG_WARN__DUPLICATE_METHOD_MATCH = YES;
				COPY_PHASE_STRIP = NO;
				DEBUG_INFORMATION_FORMAT = dwarf;
				ENABLE_STRICT_OBJC_MSGSEND = YES;
				ENABLE_TESTABILITY = YES;
				ENABLE_USER_SCRIPT_SANDBOXING = YES;
				GCC_C_LANGUAGE_STANDARD = gnu17;
				GCC_DYNAMIC_NO_PIC = NO;
				GCC_NO_COMMON_BLOCKS = YES;
				GCC_OPTIMIZATION_LEVEL = 0;
				GCC_PREPROCESSOR_DEFINITIONS = (
					"DEBUG=1",
					"$(inherited)",
				);
				GCC_WARN_64_TO_32_BIT_CONVERSION = YES;
				GCC_WARN_ABOUT_RETURN_TYPE = YES_ERROR;
				GCC_WARN_UNDECLARED_SELECTOR = YES;
				GCC_WARN_UNINITIALIZED_AUTOS = YES_AGGRESSIVE;
				GCC_WARN_UNUSED_FUNCTION = YES;
				GCC_WARN_UNUSED_VARIABLE = YES;
				IPHONEOS_DEPLOYMENT_TARGET = 17.6;
				LOCALIZATION_PREFERS_STRING_CATALOGS = YES;
				MTL_ENABLE_DEBUG_INFO = INCLUDE_SOURCE;
				MTL_FAST_MATH = YES;
				ONLY_ACTIVE_ARCH = YES;
				SDKROOT = iphoneos;
				SWIFT_ACTIVE_COMPILATION_CONDITIONS = "DEBUG $(inherited)";
				SWIFT_OPTIMIZATION_LEVEL = "-Onone";
			};
			name = Debug;
		};
		75159DBA2E40480B00DE4DF2 /* Release */ = {
			isa = XCBuildConfiguration;
			buildSettings = {
				ALWAYS_SEARCH_USER_PATHS = NO;
				ASSETCATALOG_COMPILER_GENERATE_SWIFT_ASSET_SYMBOL_EXTENSIONS = YES;
				CLANG_ANALYZER_NONNULL = YES;
				CLANG_ANALYZER_NUMBER_OBJECT_CONVERSION = YES_AGGRESSIVE;
				CLANG_CXX_LANGUAGE_STANDARD = "gnu++20";
				CLANG_ENABLE_MODULES = YES;
				CLANG_ENABLE_OBJC_ARC = YES;
				CLANG_ENABLE_OBJC_WEAK = YES;
				CLANG_WARN_BLOCK_CAPTURE_AUTORELEASING = YES;
				CLANG_WARN_BOOL_CONVERSION = YES;
				CLANG_WARN_COMMA = YES;
				CLANG_WARN_CONSTANT_CONVERSION = YES;
				CLANG_WARN_DEPRECATED_OBJC_IMPLEMENTATIONS = YES;
				CLANG_WARN_DIRECT_OBJC_ISA_USAGE = YES_ERROR;
				CLANG_WARN_DOCUMENTATION_COMMENTS = YES;
				CLANG_WARN_EMPTY_BODY = YES;
				CLANG_WARN_ENUM_CONVERSION = YES;
				CLANG_WARN_INFINITE_RECURSION = YES;
				CLANG_WARN_INT_CONVERSION = YES;
				CLANG_WARN_NON_LITERAL_NULL_CONVERSION = YES;
				CLANG_WARN_OBJC_IMPLICIT_RETAIN_SELF = YES;
				CLANG_WARN_OBJC_LITERAL_CONVERSION = YES;
				CLANG_WARN_OBJC_ROOT_CLASS = YES_ERROR;
				CLANG_WARN_QUOTED_INCLUDE_IN_FRAMEWORK_HEADER = YES;
				CLANG_WARN_RANGE_LOOP_ANALYSIS = YES;
				CLANG_WARN_STRICT_PROTOTYPES = YES;
				CLANG_WARN_SUSPICIOUS_MOVE = YES;
				CLANG_WARN_UNGUARDED_AVAILABILITY = YES_AGGRESSIVE;
				CLANG_WARN_UNREACHABLE_CODE = YES;
				CLANG_WARN__DUPLICATE_METHOD_MATCH = YES;
				COPY_PHASE_STRIP = NO;
				DEBUG_INFORMATION_FORMAT = "dwarf-with-dsym";
				ENABLE_NS_ASSERTIONS = NO;
				ENABLE_STRICT_OBJC_MSGSEND = YES;
				ENABLE_USER_SCRIPT_SANDBOXING = YES;
				GCC_C_LANGUAGE_STANDARD = gnu17;
				GCC_NO_COMMON_BLOCKS = YES;
				GCC_WARN_64_TO_32_BIT_CONVERSION = YES;
				GCC_WARN_ABOUT_RETURN_TYPE = YES_ERROR;
				GCC_WARN_UNDECLARED_SELECTOR = YES;
				GCC_WARN_UNINITIALIZED_AUTOS = YES_AGGRESSIVE;
				GCC_WARN_UNUSED_FUNCTION = YES;
				GCC_WARN_UNUSED_VARIABLE = YES;
				IPHONEOS_DEPLOYMENT_TARGET = 17.6;
				LOCALIZATION_PREFERS_STRING_CATALOGS = YES;
				MTL_ENABLE_DEBUG_INFO = NO;
				MTL_FAST_MATH = YES;
				SDKROOT = iphoneos;
				SWIFT_COMPILATION_MODE = wholemodule;
				VALIDATE_PRODUCT = YES;
			};
			name = Release;
		};
		75159DBC2E40480B00DE4DF2 /* Debug */ = {
			isa = XCBuildConfiguration;
			buildSettings = {
				ASSETCATALOG_COMPILER_APPICON_NAME = AppIcon;
				ASSETCATALOG_COMPILER_GLOBAL_ACCENT_COLOR_NAME = AccentColor;
				CODE_SIGN_STYLE = Automatic;
				CURRENT_PROJECT_VERSION = 1;
				ENABLE_PREVIEWS = YES;
				GENERATE_INFOPLIST_FILE = YES;
				INFOPLIST_KEY_UIApplicationSceneManifest_Generation = YES;
				INFOPLIST_KEY_UIApplicationSupportsIndirectInputEvents = YES;
				INFOPLIST_KEY_UILaunchScreen_Generation = YES;
				INFOPLIST_KEY_UISupportedInterfaceOrientations_iPad = "UIInterfaceOrientationPortrait UIInterfaceOrientationPortraitUpsideDown UIInterfaceOrientationLandscapeLeft UIInterfaceOrientationLandscapeRight";
				INFOPLIST_KEY_UISupportedInterfaceOrientations_iPhone = "UIInterfaceOrientationPortrait UIInterfaceOrientationLandscapeLeft UIInterfaceOrientationLandscapeRight";
				IPHONEOS_DEPLOYMENT_TARGET = 17.6;
				LD_RUNPATH_SEARCH_PATHS = (
					"$(inherited)",
					"@executable_path/Frameworks",
				);
				MARKETING_VERSION = 1.0;
				PRODUCT_BUNDLE_IDENTIFIER = "com.kidemma.com-kidemma";
				PRODUCT_NAME = "$(TARGET_NAME)";
				SWIFT_EMIT_LOC_STRINGS = YES;
				SWIFT_VERSION = 5.0;
				TARGETED_DEVICE_FAMILY = "1,2";
			};
			name = Debug;
		};
		75159DBD2E40480B00DE4DF2 /* Release */ = {
			isa = XCBuildConfiguration;
			buildSettings = {
				ASSETCATALOG_COMPILER_APPICON_NAME = AppIcon;
				ASSETCATALOG_COMPILER_GLOBAL_ACCENT_COLOR_NAME = AccentColor;
				CODE_SIGN_STYLE = Automatic;
				CURRENT_PROJECT_VERSION = 1;
				ENABLE_PREVIEWS = YES;
				GENERATE_INFOPLIST_FILE = YES;
				INFOPLIST_KEY_UIApplicationSceneManifest_Generation = YES;
				INFOPLIST_KEY_UIApplicationSupportsIndirectInputEvents = YES;
				INFOPLIST_KEY_UILaunchScreen_Generation = YES;
				INFOPLIST_KEY_UISupportedInterfaceOrientations_iPad = "UIInterfaceOrientationPortrait UIInterfaceOrientationPortraitUpsideDown UIInterfaceOrientationLandscapeLeft UIInterfaceOrientationLandscapeRight";
				INFOPLIST_KEY_UISupportedInterfaceOrientations_iPhone = "UIInterfaceOrientationPortrait UIInterfaceOrientationLandscapeLeft UIInterfaceOrientationLandscapeRight";
				IPHONEOS_DEPLOYMENT_TARGET = 17.6;
				LD_RUNPATH_SEARCH_PATHS = (
					"$(inherited)",
					"@executable_path/Frameworks",
				);
				MARKETING_VERSION = 1.0;
				PRODUCT_BUNDLE_IDENTIFIER = "com.kidemma.com-kidemma";
				PRODUCT_NAME = "$(TARGET_NAME)";
				SWIFT_EMIT_LOC_STRINGS = YES;
				SWIFT_VERSION = 5.0;
				TARGETED_DEVICE_FAMILY = "1,2";
			};
			name = Release;
		};
		75159DBF2E40480B00DE4DF2 /* Debug */ = {
			isa = XCBuildConfiguration;
			buildSettings = {
				BUNDLE_LOADER = "$(TEST_HOST)";
				CODE_SIGN_STYLE = Automatic;
				CURRENT_PROJECT_VERSION = 1;
				GENERATE_INFOPLIST_FILE = YES;
				IPHONEOS_DEPLOYMENT_TARGET = 17.6;
				MARKETING_VERSION = 1.0;
				PRODUCT_BUNDLE_IDENTIFIER = "com.kidemma.com-kidemmaTests";
				PRODUCT_NAME = "$(TARGET_NAME)";
				SWIFT_EMIT_LOC_STRINGS = NO;
				SWIFT_VERSION = 5.0;
				TARGETED_DEVICE_FAMILY = "1,2";
				TEST_HOST = "$(BUILT_PRODUCTS_DIR)/com.kidemma.app/$(BUNDLE_EXECUTABLE_FOLDER_PATH)/com.kidemma";
			};
			name = Debug;
		};
		75159DC02E40480B00DE4DF2 /* Release */ = {
			isa = XCBuildConfiguration;
			buildSettings = {
				BUNDLE_LOADER = "$(TEST_HOST)";
				CODE_SIGN_STYLE = Automatic;
				CURRENT_PROJECT_VERSION = 1;
				GENERATE_INFOPLIST_FILE = YES;
				IPHONEOS_DEPLOYMENT_TARGET = 17.6;
				MARKETING_VERSION = 1.0;
				PRODUCT_BUNDLE_IDENTIFIER = "com.kidemma.com-kidemmaTests";
				PRODUCT_NAME = "$(TARGET_NAME)";
				SWIFT_EMIT_LOC_STRINGS = NO;
				SWIFT_VERSION = 5.0;
				TARGETED_DEVICE_FAMILY = "1,2";
				TEST_HOST = "$(BUILT_PRODUCTS_DIR)/com.kidemma.app/$(BUNDLE_EXECUTABLE_FOLDER_PATH)/com.kidemma";
			};
			name = Release;
		};
		75159DC22E40480B00DE4DF2 /* Debug */ = {
			isa = XCBuildConfiguration;
			buildSettings = {
				CODE_SIGN_STYLE = Automatic;
				CURRENT_PROJECT_VERSION = 1;
				GENERATE_INFOPLIST_FILE = YES;
				MARKETING_VERSION = 1.0;
				PRODUCT_BUNDLE_IDENTIFIER = "com.kidemma.com-kidemmaUITests";
				PRODUCT_NAME = "$(TARGET_NAME)";
				SWIFT_EMIT_LOC_STRINGS = NO;
				SWIFT_VERSION = 5.0;
				TARGETED_DEVICE_FAMILY = "1,2";
				TEST_TARGET_NAME = com.kidemma;
			};
			name = Debug;
		};
		75159DC32E40480B00DE4DF2 /* Release */ = {
			isa = XCBuildConfiguration;
			buildSettings = {
				CODE_SIGN_STYLE = Automatic;
				CURRENT_PROJECT_VERSION = 1;
				GENERATE_INFOPLIST_FILE = YES;
				MARKETING_VERSION = 1.0;
				PRODUCT_BUNDLE_IDENTIFIER = "com.kidemma.com-kidemmaUITests";
				PRODUCT_NAME = "$(TARGET_NAME)";
				SWIFT_EMIT_LOC_STRINGS = NO;
				SWIFT_VERSION = 5.0;
				TARGETED_DEVICE_FAMILY = "1,2";
				TEST_TARGET_NAME = com.kidemma;
			};
			name = Release;
		};
/* End XCBuildConfiguration section */

/* Begin XCConfigurationList section */
		75159D932E40480A00DE4DF2 /* Build configuration list for PBXProject "com.kidemma" */ = {
			isa = XCConfigurationList;
			buildConfigurations = (
				75159DB92E40480B00DE4DF2 /* Debug */,
				75159DBA2E40480B00DE4DF2 /* Release */,
			);
			defaultConfigurationIsVisible = 0;
			defaultConfigurationName = Release;
		};
		75159DBB2E40480B00DE4DF2 /* Build configuration list for PBXNativeTarget "com.kidemma" */ = {
			isa = XCConfigurationList;
			buildConfigurations = (
				75159DBC2E40480B00DE4DF2 /* Debug */,
				75159DBD2E40480B00DE4DF2 /* Release */,
			);
			defaultConfigurationIsVisible = 0;
			defaultConfigurationName = Release;
		};
		75159DBE2E40480B00DE4DF2 /* Build configuration list for PBXNativeTarget "com.kidemmaTests" */ = {
			isa = XCConfigurationList;
			buildConfigurations = (
				75159DBF2E40480B00DE4DF2 /* Debug */,
				75159DC02E40480B00DE4DF2 /* Release */,
			);
			defaultConfigurationIsVisible = 0;
			defaultConfigurationName = Release;
		};
		75159DC12E40480B00DE4DF2 /* Build configuration list for PBXNativeTarget "com.kidemmaUITests" */ = {
			isa = XCConfigurationList;
			buildConfigurations = (
				75159DC22E40480B00DE4DF2 /* Debug */,
				75159DC32E40480B00DE4DF2 /* Release */,
			);
			defaultConfigurationIsVisible = 0;
			defaultConfigurationName = Release;
		};
/* End XCConfigurationList section */

/* Begin XCRemoteSwiftPackageReference section */
		75FF030A2E4A92350088206C /* XCRemoteSwiftPackageReference "Alamofire" */ = {
			isa = XCRemoteSwiftPackageReference;
			repositoryURL = "https://github.com/Alamofire/Alamofire.git";
			requirement = {
				kind = upToNextMajorVersion;
				minimumVersion = 5.10.2;
			};
		};
/* End XCRemoteSwiftPackageReference section */

/* Begin XCSwiftPackageProductDependency section */
		75FF030B2E4A92350088206C /* Alamofire */ = {
			isa = XCSwiftPackageProductDependency;
			package = 75FF030A2E4A92350088206C /* XCRemoteSwiftPackageReference "Alamofire" */;
			productName = Alamofire;
		};
/* End XCSwiftPackageProductDependency section */
	};
	rootObject = 75159D902E40480A00DE4DF2 /* Project object */;
}
